<?xml version="1.0" encoding="UTF-8" standalone="yes" ?>
<CodeBlocks_project_file>
	<FileVersion major="1" minor="6" />
	<Project>
		<Option title="Pizzastaður" />
		<Option pch_mode="2" />
		<Option compiler="gcc" />
		<Build>
			<Target title="Debug">
				<Option output="bin/Debug/Pizzastaður" prefix_auto="1" extension_auto="1" />
				<Option object_output="obj/Debug/" />
				<Option type="1" />
				<Option compiler="gcc" />
				<Compiler>
					<Add option="-g" />
					<Add directory="include" />
					<Add directory="include/Models" />
					<Add directory="include/Domain" />
					<Add directory="include/Data" />
					<Add directory="include/UI" />
				</Compiler>
			</Target>
			<Target title="Release">
				<Option output="bin/Release/Pizzastaður" prefix_auto="1" extension_auto="1" />
				<Option object_output="obj/Release/" />
				<Option type="1" />
				<Option compiler="gcc" />
				<Compiler>
					<Add option="-O2" />
					<Add directory="include" />
					<Add directory="include/Models" />
					<Add directory="include/Domain" />
					<Add directory="include/Data" />
					<Add directory="include/UI" />
				</Compiler>
				<Linker>
					<Add option="-s" />
				</Linker>
			</Target>
		</Build>
		<Compiler>
			<Add option="-Wall" />
			<Add option="-fexceptions" />
		</Compiler>
		<Unit filename="include/Data/OrderRepository.h" />
		<Unit filename="include/Data/PizzaPlaceRepo.h" />
		<Unit filename="include/Data/aleggrepository.h" />
		<Unit filename="include/Data/extrasrepository.h" />
		<Unit filename="include/Data/pizzarepository.h" />
		<Unit filename="include/Domain/ListOfPizzaPlaces.h" />
		<Unit filename="include/Domain/OrderList.h" />
		<Unit filename="include/Domain/beverageslist.h" />
		<Unit filename="include/Domain/menu.h" />
		<Unit filename="include/Domain/newOrder.h" />
		<Unit filename="include/Domain/sideorderlist.h" />
		<Unit filename="include/Domain/toppinglist.h" />
		<Unit filename="include/Models/PizzaPlaces.h" />
		<Unit filename="include/Models/alegg.h" />
		<Unit filename="include/Models/beverages.h" />
		<Unit filename="include/Models/pizza.h" />
		<Unit filename="include/Models/sideorders.h" />
		<Unit filename="include/UI/SalesUI.h" />
		<Unit filename="include/UI/adminui.h" />
		<Unit filename="include/UI/bakingui.h" />
		<Unit filename="include/UI/deliveryui.h" />
		<Unit filename="include/UI/mainui.h" />
		<Unit filename="main.cpp" />
		<Unit filename="src/Data/OrderRepository.cpp" />
		<Unit filename="src/Data/PizzaPlaceRepo.cpp" />
		<Unit filename="src/Data/aleggrepository.cpp" />
		<Unit filename="src/Data/extrasrepository.cpp" />
		<Unit filename="src/Data/pizzarepository.cpp" />
		<Unit filename="src/Domain/ListOfPizzaPlaces.cpp" />
		<Unit filename="src/Domain/OrderList.cpp" />
		<Unit filename="src/Domain/beverageslist.cpp" />
		<Unit filename="src/Domain/matseðill.cpp" />
		<Unit filename="src/Domain/menu.cpp" />
		<Unit filename="src/Domain/newOrder.cpp" />
		<Unit filename="src/Domain/sideorderlist.cpp" />
		<Unit filename="src/Domain/toppinglist.cpp" />
		<Unit filename="src/Models/PizzaPlaces.cpp" />
		<Unit filename="src/Models/alegg.cpp" />
		<Unit filename="src/Models/beverages.cpp" />
		<Unit filename="src/Models/pizza.cpp" />
		<Unit filename="src/Models/sideorders.cpp" />
		<Unit filename="src/UI/SalesUI.cpp" />
		<Unit filename="src/UI/adminui.cpp" />
		<Unit filename="src/UI/bakingui.cpp" />
		<Unit filename="src/UI/deliveryui.cpp" />
		<Unit filename="src/UI/mainui.cpp" />
		<Extensions>
			<code_completion />
			<envvars />
			<debugger />
			<lib_finder disable_auto="1" />
		</Extensions>
	</Project>
</CodeBlocks_project_file>
