<?xml version="1.0" encoding="UTF-8" standalone="yes" ?>
<CodeBlocks_project_file>
	<FileVersion major="1" minor="6" />
	<Project>
		<Option title="Pizzastaður" />
		<Option pch_mode="2" />
		<Option compiler="gcc" />
		<Build>
			<Target title="Debug">
				<Option output="bin/Debug/Pizzastaður" prefix_auto="1" extension_auto="1" />
				<Option object_output="obj/Debug/" />
				<Option type="1" />
				<Option compiler="gcc" />
				<Compiler>
					<Add option="-g" />
					<Add directory="include" />
				</Compiler>
			</Target>
			<Target title="Release">
				<Option output="bin/Release/Pizzastaður" prefix_auto="1" extension_auto="1" />
				<Option object_output="obj/Release/" />
				<Option type="1" />
				<Option compiler="gcc" />
				<Compiler>
					<Add option="-O2" />
					<Add directory="include" />
				</Compiler>
				<Linker>
					<Add option="-s" />
				</Linker>
			</Target>
		</Build>
		<Compiler>
			<Add option="-Wall" />
			<Add option="-fexceptions" />
		</Compiler>
		<Unit filename="adminui.cpp" />
		<Unit filename="adminui.h" />
		<Unit filename="aleggrepository.cpp" />
		<Unit filename="aleggrepository.h" />
		<Unit filename="include/alegg.h" />
		<Unit filename="main.cpp" />
		<Unit filename="mainui.cpp" />
		<Unit filename="mainui.h" />
		<Unit filename="menu.cpp" />
		<Unit filename="menu.h" />
		<Unit filename="pizza.cpp" />
		<Unit filename="pizza.h" />
		<Unit filename="pizzarepository.cpp" />
		<Unit filename="pizzarepository.h" />
		<Unit filename="src/alegg.cpp" />
		<Unit filename="toppinglist.cpp" />
		<Unit filename="toppinglist.h" />
		<Extensions>
			<code_completion />
			<envvars />
			<debugger />
			<lib_finder disable_auto="1" />
		</Extensions>
	</Project>
</CodeBlocks_project_file>
